
Microsoft Visual Studio Solution File, Format Version 12.00
# Visual Studio Version 16
VisualStudioVersion = 16.0.30608.117
MinimumVisualStudioVersion = 15.0.26124.0
Project("{2150E333-8FDC-42A3-9474-1A3956D46DE8}") = "src", "src", "{F395B78E-5F08-4B3A-91DD-4C4F25672314}"
EndProject
Project("{9A19103F-16F7-4668-BE54-9A1E7A4F7556}") = "Mictor", "src\Mictor\Mictor.csproj", "{B3F41E82-9767-424F-A60F-C38654F3D49E}"
EndProject
Project("{9A19103F-16F7-4668-BE54-9A1E7A4F7556}") = "Mictor.Tests", "src\Mictor.Tests\Mictor.Tests.csproj", "{8E63F119-1C21-40FF-972A-2B08BF67705D}"
EndProject
Project("{FAE04EC0-301F-11D3-BF4B-00C04F79EFBC}") = "OrderApplication", "samples\OrderApplication\OrderApplication.csproj", "{4F0CB647-7170-4022-B16C-A4A37BB30FEB}"
EndProject
Project("{2150E333-8FDC-42A3-9474-1A3956D46DE8}") = "samples", "samples", "{1B9C0972-E42F-40DA-8597-1CA20D866BB6}"
EndProject
Global
	GlobalSection(SolutionConfigurationPlatforms) = preSolution
		Debug|Any CPU = Debug|Any CPU
		Debug|x64 = Debug|x64
		Debug|x86 = Debug|x86
		Release|Any CPU = Release|Any CPU
		Release|x64 = Release|x64
		Release|x86 = Release|x86
	EndGlobalSection
	GlobalSection(ProjectConfigurationPlatforms) = postSolution
		{B3F41E82-9767-424F-A60F-C38654F3D49E}.Debug|Any CPU.ActiveCfg = Debug|Any CPU
		{B3F41E82-9767-424F-A60F-C38654F3D49E}.Debug|Any CPU.Build.0 = Debug|Any CPU
		{B3F41E82-9767-424F-A60F-C38654F3D49E}.Debug|x64.ActiveCfg = Debug|Any CPU
		{B3F41E82-9767-424F-A60F-C38654F3D49E}.Debug|x64.Build.0 = Debug|Any CPU
		{B3F41E82-9767-424F-A60F-C38654F3D49E}.Debug|x86.ActiveCfg = Debug|Any CPU
		{B3F41E82-9767-424F-A60F-C38654F3D49E}.Debug|x86.Build.0 = Debug|Any CPU
		{B3F41E82-9767-424F-A60F-C38654F3D49E}.Release|Any CPU.ActiveCfg = Release|Any CPU
		{B3F41E82-9767-424F-A60F-C38654F3D49E}.Release|Any CPU.Build.0 = Release|Any CPU
		{B3F41E82-9767-424F-A60F-C38654F3D49E}.Release|x64.ActiveCfg = Release|Any CPU
		{B3F41E82-9767-424F-A60F-C38654F3D49E}.Release|x64.Build.0 = Release|Any CPU
		{B3F41E82-9767-424F-A60F-C38654F3D49E}.Release|x86.ActiveCfg = Release|Any CPU
		{B3F41E82-9767-424F-A60F-C38654F3D49E}.Release|x86.Build.0 = Release|Any CPU
		{8E63F119-1C21-40FF-972A-2B08BF67705D}.Debug|Any CPU.ActiveCfg = Debug|Any CPU
		{8E63F119-1C21-40FF-972A-2B08BF67705D}.Debug|Any CPU.Build.0 = Debug|Any CPU
		{8E63F119-1C21-40FF-972A-2B08BF67705D}.Debug|x64.ActiveCfg = Debug|Any CPU
		{8E63F119-1C21-40FF-972A-2B08BF67705D}.Debug|x64.Build.0 = Debug|Any CPU
		{8E63F119-1C21-40FF-972A-2B08BF67705D}.Debug|x86.ActiveCfg = Debug|Any CPU
		{8E63F119-1C21-40FF-972A-2B08BF67705D}.Debug|x86.Build.0 = Debug|Any CPU
		{8E63F119-1C21-40FF-972A-2B08BF67705D}.Release|Any CPU.ActiveCfg = Release|Any CPU
		{8E63F119-1C21-40FF-972A-2B08BF67705D}.Release|Any CPU.Build.0 = Release|Any CPU
		{8E63F119-1C21-40FF-972A-2B08BF67705D}.Release|x64.ActiveCfg = Release|Any CPU
		{8E63F119-1C21-40FF-972A-2B08BF67705D}.Release|x64.Build.0 = Release|Any CPU
		{8E63F119-1C21-40FF-972A-2B08BF67705D}.Release|x86.ActiveCfg = Release|Any CPU
		{8E63F119-1C21-40FF-972A-2B08BF67705D}.Release|x86.Build.0 = Release|Any CPU
		{4F0CB647-7170-4022-B16C-A4A37BB30FEB}.Debug|Any CPU.ActiveCfg = Debug|Any CPU
		{4F0CB647-7170-4022-B16C-A4A37BB30FEB}.Debug|Any CPU.Build.0 = Debug|Any CPU
		{4F0CB647-7170-4022-B16C-A4A37BB30FEB}.Debug|x64.ActiveCfg = Debug|Any CPU
		{4F0CB647-7170-4022-B16C-A4A37BB30FEB}.Debug|x64.Build.0 = Debug|Any CPU
		{4F0CB647-7170-4022-B16C-A4A37BB30FEB}.Debug|x86.ActiveCfg = Debug|Any CPU
		{4F0CB647-7170-4022-B16C-A4A37BB30FEB}.Debug|x86.Build.0 = Debug|Any CPU
		{4F0CB647-7170-4022-B16C-A4A37BB30FEB}.Release|Any CPU.ActiveCfg = Release|Any CPU
		{4F0CB647-7170-4022-B16C-A4A37BB30FEB}.Release|Any CPU.Build.0 = Release|Any CPU
		{4F0CB647-7170-4022-B16C-A4A37BB30FEB}.Release|x64.ActiveCfg = Release|Any CPU
		{4F0CB647-7170-4022-B16C-A4A37BB30FEB}.Release|x64.Build.0 = Release|Any CPU
		{4F0CB647-7170-4022-B16C-A4A37BB30FEB}.Release|x86.ActiveCfg = Release|Any CPU
		{4F0CB647-7170-4022-B16C-A4A37BB30FEB}.Release|x86.Build.0 = Release|Any CPU
	EndGlobalSection
	GlobalSection(SolutionProperties) = preSolution
		HideSolutionNode = FALSE
	EndGlobalSection
	GlobalSection(NestedProjects) = preSolution
		{B3F41E82-9767-424F-A60F-C38654F3D49E} = {F395B78E-5F08-4B3A-91DD-4C4F25672314}
		{8E63F119-1C21-40FF-972A-2B08BF67705D} = {F395B78E-5F08-4B3A-91DD-4C4F25672314}
		{4F0CB647-7170-4022-B16C-A4A37BB30FEB} = {1B9C0972-E42F-40DA-8597-1CA20D866BB6}
	EndGlobalSection
	GlobalSection(ExtensibilityGlobals) = postSolution
		SolutionGuid = {A894A8CC-03B6-49E8-A0B8-499747642A75}
	EndGlobalSection
EndGlobal
